
Microsoft Visual Studio Solution File, Format Version 12.00
# Visual Studio Version 17
VisualStudioVersion = 17.4.33110.190
MinimumVisualStudioVersion = 10.0.40219.1
Project("{FAE04EC0-301F-11D3-BF4B-00C04F79EFBC}") = "Unitrends_Cloud_openVPN_query", "Unitrends_Cloud_openVPN_query\Unitrends_Cloud_openVPN_query.csproj", "{00F747C1-649B-4B6D-A49D-83801DFBFB93}"
EndProject
Global
	GlobalSection(SolutionConfigurationPlatforms) = preSolution
		Debug|Any CPU = Debug|Any CPU
		Release|Any CPU = Release|Any CPU
	EndGlobalSection
	GlobalSection(ProjectConfigurationPlatforms) = postSolution
		{00F747C1-649B-4B6D-A49D-83801DFBFB93}.Debug|Any CPU.ActiveCfg = Debug|Any CPU
		{00F747C1-649B-4B6D-A49D-83801DFBFB93}.Debug|Any CPU.Build.0 = Debug|Any CPU
		{00F747C1-649B-4B6D-A49D-83801DFBFB93}.Release|Any CPU.ActiveCfg = Release|Any CPU
		{00F747C1-649B-4B6D-A49D-83801DFBFB93}.Release|Any CPU.Build.0 = Release|Any CPU
	EndGlobalSection
	GlobalSection(SolutionProperties) = preSolution
		HideSolutionNode = FALSE
	EndGlobalSection
	GlobalSection(ExtensibilityGlobals) = postSolution
		SolutionGuid = {89F80DD4-20D4-45BE-A542-946205222FCB}
	EndGlobalSection
EndGlobal
